
Microsoft Visual Studio Solution File, Format Version 12.00
# Visual Studio Version 16
VisualStudioVersion = 16.0.29424.173
MinimumVisualStudioVersion = 10.0.40219.1
Project("{9A19103F-16F7-4668-BE54-9A1E7A4F7556}") = "AdventOfCode", "AdventOfCode\AdventOfCode.csproj", "{AE4BEB09-A729-4C51-A3DC-9E2C7B9AD79D}"
EndProject
Project("{9A19103F-16F7-4668-BE54-9A1E7A4F7556}") = "AdventOfCodeTests", "AdventOfCodeTests\AdventOfCodeTests.csproj", "{099A73FC-FA2C-4FE3-A57A-FA1C1DAFAC8B}"
EndProject
Project("{9A19103F-16F7-4668-BE54-9A1E7A4F7556}") = "MVVMSupport", "MVVMSupport\MVVMSupport.csproj", "{7F17FC03-9D16-4F98-B1DF-30478AB302EA}"
EndProject
Project("{9A19103F-16F7-4668-BE54-9A1E7A4F7556}") = "ExtendedWpfControls", "ExtendedWpfControls\ExtendedWpfControls.csproj", "{EE9EB165-A8C3-482D-99B6-FC89AE42D8C4}"
EndProject
Project("{FAE04EC0-301F-11D3-BF4B-00C04F79EFBC}") = "Combinatorics", "Combinatorics\Combinatorics.csproj", "{D6B0E36B-FFFE-4818-9891-F9CF5092EA09}"
EndProject
Global
	GlobalSection(SolutionConfigurationPlatforms) = preSolution
		Debug|Any CPU = Debug|Any CPU
		Release|Any CPU = Release|Any CPU
	EndGlobalSection
	GlobalSection(ProjectConfigurationPlatforms) = postSolution
		{AE4BEB09-A729-4C51-A3DC-9E2C7B9AD79D}.Debug|Any CPU.ActiveCfg = Debug|Any CPU
		{AE4BEB09-A729-4C51-A3DC-9E2C7B9AD79D}.Debug|Any CPU.Build.0 = Debug|Any CPU
		{AE4BEB09-A729-4C51-A3DC-9E2C7B9AD79D}.Release|Any CPU.ActiveCfg = Release|Any CPU
		{AE4BEB09-A729-4C51-A3DC-9E2C7B9AD79D}.Release|Any CPU.Build.0 = Release|Any CPU
		{099A73FC-FA2C-4FE3-A57A-FA1C1DAFAC8B}.Debug|Any CPU.ActiveCfg = Debug|Any CPU
		{099A73FC-FA2C-4FE3-A57A-FA1C1DAFAC8B}.Debug|Any CPU.Build.0 = Debug|Any CPU
		{099A73FC-FA2C-4FE3-A57A-FA1C1DAFAC8B}.Release|Any CPU.ActiveCfg = Release|Any CPU
		{099A73FC-FA2C-4FE3-A57A-FA1C1DAFAC8B}.Release|Any CPU.Build.0 = Release|Any CPU
		{7F17FC03-9D16-4F98-B1DF-30478AB302EA}.Debug|Any CPU.ActiveCfg = Debug|Any CPU
		{7F17FC03-9D16-4F98-B1DF-30478AB302EA}.Debug|Any CPU.Build.0 = Debug|Any CPU
		{7F17FC03-9D16-4F98-B1DF-30478AB302EA}.Release|Any CPU.ActiveCfg = Release|Any CPU
		{7F17FC03-9D16-4F98-B1DF-30478AB302EA}.Release|Any CPU.Build.0 = Release|Any CPU
		{EE9EB165-A8C3-482D-99B6-FC89AE42D8C4}.Debug|Any CPU.ActiveCfg = Debug|Any CPU
		{EE9EB165-A8C3-482D-99B6-FC89AE42D8C4}.Debug|Any CPU.Build.0 = Debug|Any CPU
		{EE9EB165-A8C3-482D-99B6-FC89AE42D8C4}.Release|Any CPU.ActiveCfg = Release|Any CPU
		{EE9EB165-A8C3-482D-99B6-FC89AE42D8C4}.Release|Any CPU.Build.0 = Release|Any CPU
		{D6B0E36B-FFFE-4818-9891-F9CF5092EA09}.Debug|Any CPU.ActiveCfg = Debug|Any CPU
		{D6B0E36B-FFFE-4818-9891-F9CF5092EA09}.Debug|Any CPU.Build.0 = Debug|Any CPU
		{D6B0E36B-FFFE-4818-9891-F9CF5092EA09}.Release|Any CPU.ActiveCfg = Release|Any CPU
		{D6B0E36B-FFFE-4818-9891-F9CF5092EA09}.Release|Any CPU.Build.0 = Release|Any CPU
	EndGlobalSection
	GlobalSection(SolutionProperties) = preSolution
		HideSolutionNode = FALSE
	EndGlobalSection
	GlobalSection(ExtensibilityGlobals) = postSolution
		SolutionGuid = {30D431BE-1CF7-4386-BD3D-E478B11D03DA}
	EndGlobalSection
EndGlobal
